github.com/belfinor/chash v1.0.0/go.mod h1:Q0Hg0TpTNB5LLKnvKp7sP82T4HZCxm1pgCQ0+vDN5UY=
github.com/belfinor/lcache v1.0.2/go.mod h1:So3sXqx0J5LxpMFfSQqPVKGOn6zRuN6otOKDHQroDIA=
github.com/belfinor/ltime v1.0.1 h1:0Sm1aP8KKAKXoiOix8XHq4G7SFDKnX8v16vCftGoC9o=
github.com/belfinor/ltime v1.0.1/go.mod h1:Uqj6GAPh31KY+3vZ1VbiwN0PcHdKsgZdR5I0+po+D6g=
